
Microsoft Visual Studio Solution File, Format Version 12.00
Project("{FAE04EC0-301F-11D3-BF4B-00C04F79EFBC}") = "SecureChat.ChatServer", "SecureChat.ChatServer\SecureChat.ChatServer.csproj", "{260978B7-D51D-4996-B62E-80D24D048820}"
EndProject
Project("{FAE04EC0-301F-11D3-BF4B-00C04F79EFBC}") = "SecureChat.ChatServer.Lib", "SecureChat.ChatServer.Lib\SecureChat.ChatServer.Lib.csproj", "{2B892CCA-DBAB-4066-A8AE-58B314195A52}"
EndProject
Global
	GlobalSection(SolutionConfigurationPlatforms) = preSolution
		Debug|Any CPU = Debug|Any CPU
		Release|Any CPU = Release|Any CPU
	EndGlobalSection
	GlobalSection(ProjectConfigurationPlatforms) = postSolution
		{260978B7-D51D-4996-B62E-80D24D048820}.Debug|Any CPU.ActiveCfg = Debug|Any CPU
		{260978B7-D51D-4996-B62E-80D24D048820}.Debug|Any CPU.Build.0 = Debug|Any CPU
		{260978B7-D51D-4996-B62E-80D24D048820}.Release|Any CPU.ActiveCfg = Release|Any CPU
		{260978B7-D51D-4996-B62E-80D24D048820}.Release|Any CPU.Build.0 = Release|Any CPU
		{2B892CCA-DBAB-4066-A8AE-58B314195A52}.Debug|Any CPU.ActiveCfg = Debug|Any CPU
		{2B892CCA-DBAB-4066-A8AE-58B314195A52}.Debug|Any CPU.Build.0 = Debug|Any CPU
		{2B892CCA-DBAB-4066-A8AE-58B314195A52}.Release|Any CPU.ActiveCfg = Release|Any CPU
		{2B892CCA-DBAB-4066-A8AE-58B314195A52}.Release|Any CPU.Build.0 = Release|Any CPU
	EndGlobalSection
EndGlobal
